// !$*UTF8*$!
{
	archiveVersion = 1;
	classes = {
	};
	objectVersion = 77;
	objects = {

/* Begin PBXBuildFile section */
		C6F100000000000000000A13 /* PekisWidget.appex in Embed Foundation Extensions */ = {isa = PBXBuildFile; fileRef = C6F100000000000000000A02 /* PekisWidget.appex */; settings = {ATTRIBUTES = (RemoveHeadersOnCopy, ); }; };
		C6F100000000000000000B02 /* PekisWidgetBundle.swift in Sources */ = {isa = PBXBuildFile; fileRef = C6F100000000000000000B01 /* PekisWidgetBundle.swift */; };
		C6F100000000000000000B04 /* CountdownWidget.swift in Sources */ = {isa = PBXBuildFile; fileRef = C6F100000000000000000B03 /* CountdownWidget.swift */; };
		C6F100000000000000000B06 /* CountdownWidgetViews.swift in Sources */ = {isa = PBXBuildFile; fileRef = C6F100000000000000000B05 /* CountdownWidgetViews.swift */; };
		C6F100000000000000000B08 /* WidgetTheme.swift in Sources */ = {isa = PBXBuildFile; fileRef = C6F100000000000000000B07 /* WidgetTheme.swift */; };
		C6F100000000000000000B10 /* CountdownConfigIntent.swift in Sources */ = {isa = PBXBuildFile; fileRef = C6F100000000000000000B09 /* CountdownConfigIntent.swift */; };
		C6F100000000000000000B21 /* PekisSharedData.swift in Sources */ = {isa = PBXBuildFile; fileRef = C6F100000000000000000B20 /* PekisSharedData.swift */; };
/* End PBXBuildFile section */

/* Begin PBXContainerItemProxy section */
		C67374CE2ED3ADCD00233622 /* PBXContainerItemProxy */ = {
			isa = PBXContainerItemProxy;
			containerPortal = C67374B82ED3ADCC00233622 /* Project object */;
			proxyType = 1;
			remoteGlobalIDString = C67374BF2ED3ADCC00233622;
			remoteInfo = Pekis;
		};
		C67374D82ED3ADCD00233622 /* PBXContainerItemProxy */ = {
			isa = PBXContainerItemProxy;
			containerPortal = C67374B82ED3ADCC00233622 /* Project object */;
			proxyType = 1;
			remoteGlobalIDString = C67374BF2ED3ADCC00233622;
			remoteInfo = Pekis;
		};
		C6F100000000000000000A11 /* PBXContainerItemProxy */ = {
			isa = PBXContainerItemProxy;
			containerPortal = C67374B82ED3ADCC00233622 /* Project object */;
			proxyType = 1;
			remoteGlobalIDString = C6F100000000000000000A01;
			remoteInfo = PekisWidget;
		};
/* End PBXContainerItemProxy section */

/* Begin PBXCopyFilesBuildPhase section */
		C6F100000000000000000A12 /* Embed Foundation Extensions */ = {
			isa = PBXCopyFilesBuildPhase;
			buildActionMask = 2147483647;
			dstPath = "";
			dstSubfolderSpec = 13;
			files = (
				C6F100000000000000000A13 /* PekisWidget.appex in Embed Foundation Extensions */,
			);
			name = "Embed Foundation Extensions";
			runOnlyForDeploymentPostprocessing = 0;
		};
/* End PBXCopyFilesBuildPhase section */

/* Begin PBXFileReference section */
		C67374C02ED3ADCC00233622 /* Pekis.app */ = {isa = PBXFileReference; explicitFileType = wrapper.application; includeInIndex = 0; path = Pekis.app; sourceTree = BUILT_PRODUCTS_DIR; };
		C67374CD2ED3ADCD00233622 /* PekisTests.xctest */ = {isa = PBXFileReference; explicitFileType = wrapper.cfbundle; includeInIndex = 0; path = PekisTests.xctest; sourceTree = BUILT_PRODUCTS_DIR; };
		C67374D72ED3ADCD00233622 /* PekisUITests.xctest */ = {isa = PBXFileReference; explicitFileType = wrapper.cfbundle; includeInIndex = 0; path = PekisUITests.xctest; sourceTree = BUILT_PRODUCTS_DIR; };
		C6E0F0012F0D100100000001 /* Pekis/Config/Environment.xcconfig */ = {isa = PBXFileReference; lastKnownFileType = text.xcconfig; path = Pekis/Config/Environment.xcconfig; sourceTree = "<group>"; };
		C6F100000000000000000A02 /* PekisWidget.appex */ = {isa = PBXFileReference; explicitFileType = "wrapper.app-extension"; includeInIndex = 0; path = PekisWidget.appex; sourceTree = BUILT_PRODUCTS_DIR; };
		C6F100000000000000000B01 /* PekisWidgetBundle.swift */ = {isa = PBXFileReference; lastKnownFileType = sourcecode.swift; path = PekisWidgetBundle.swift; sourceTree = "<group>"; };
		C6F100000000000000000B03 /* CountdownWidget.swift */ = {isa = PBXFileReference; lastKnownFileType = sourcecode.swift; path = CountdownWidget.swift; sourceTree = "<group>"; };
		C6F100000000000000000B05 /* CountdownWidgetViews.swift */ = {isa = PBXFileReference; lastKnownFileType = sourcecode.swift; path = CountdownWidgetViews.swift; sourceTree = "<group>"; };
		C6F100000000000000000B07 /* WidgetTheme.swift */ = {isa = PBXFileReference; lastKnownFileType = sourcecode.swift; path = WidgetTheme.swift; sourceTree = "<group>"; };
		C6F100000000000000000B09 /* CountdownConfigIntent.swift */ = {isa = PBXFileReference; lastKnownFileType = sourcecode.swift; path = CountdownConfigIntent.swift; sourceTree = "<group>"; };
		C6F100000000000000000B11 /* Info.plist */ = {isa = PBXFileReference; lastKnownFileType = text.plist.xml; path = Info.plist; sourceTree = "<group>"; };
		C6F100000000000000000B12 /* PekisWidget.entitlements */ = {isa = PBXFileReference; lastKnownFileType = text.plist.entitlements; path = PekisWidget.entitlements; sourceTree = "<group>"; };
		C6F100000000000000000B20 /* PekisSharedData.swift */ = {isa = PBXFileReference; lastKnownFileType = sourcecode.swift; name = PekisSharedData.swift; path = Pekis/Core/Shared/PekisSharedData.swift; sourceTree = SOURCE_ROOT; };
/* End PBXFileReference section */

/* Begin PBXFileSystemSynchronizedBuildFileExceptionSet section */
		C6E0F0022F0D100100000002 /* Exceptions for "Pekis" folder in "Pekis" target */ = {
			isa = PBXFileSystemSynchronizedBuildFileExceptionSet;
			membershipExceptions = (
				Info.plist,
			);
			target = C67374BF2ED3ADCC00233622 /* Pekis */;
		};
/* End PBXFileSystemSynchronizedBuildFileExceptionSet section */

/* Begin PBXFileSystemSynchronizedRootGroup section */
		C67374C22ED3ADCC00233622 /* Pekis */ = {
			isa = PBXFileSystemSynchronizedRootGroup;
			exceptions = (
				C6E0F0022F0D100100000002 /* Exceptions for "Pekis" folder in "Pekis" target */,
			);
			path = Pekis;
			sourceTree = "<group>";
		};
		C67374D02ED3ADCD00233622 /* PekisTests */ = {
			isa = PBXFileSystemSynchronizedRootGroup;
			path = PekisTests;
			sourceTree = "<group>";
		};
		C67374DA2ED3ADCD00233622 /* PekisUITests */ = {
			isa = PBXFileSystemSynchronizedRootGroup;
			path = PekisUITests;
			sourceTree = "<group>";
		};
/* End PBXFileSystemSynchronizedRootGroup section */

/* Begin PBXFrameworksBuildPhase section */
		C67374BD2ED3ADCC00233622 /* Frameworks */ = {
			isa = PBXFrameworksBuildPhase;
			buildActionMask = 2147483647;
			files = (
			);
			runOnlyForDeploymentPostprocessing = 0;
		};
		C67374CA2ED3ADCD00233622 /* Frameworks */ = {
			isa = PBXFrameworksBuildPhase;
			buildActionMask = 2147483647;
			files = (
			);
			runOnlyForDeploymentPostprocessing = 0;
		};
		C67374D42ED3ADCD00233622 /* Frameworks */ = {
			isa = PBXFrameworksBuildPhase;
			buildActionMask = 2147483647;
			files = (
			);
			runOnlyForDeploymentPostprocessing = 0;
		};
		C6F100000000000000000A04 /* Frameworks */ = {
			isa = PBXFrameworksBuildPhase;
			buildActionMask = 2147483647;
			files = (
			);
			runOnlyForDeploymentPostprocessing = 0;
		};
/* End PBXFrameworksBuildPhase section */

/* Begin PBXGroup section */
		C67374B72ED3ADCC00233622 = {
			isa = PBXGroup;
			children = (
				C6E0F0012F0D100100000001 /* Pekis/Config/Environment.xcconfig */,
				C67374C22ED3ADCC00233622 /* Pekis */,
				C6F100000000000000000A09 /* PekisWidget */,
				C67374D02ED3ADCD00233622 /* PekisTests */,
				C67374DA2ED3ADCD00233622 /* PekisUITests */,
				C67374C12ED3ADCC00233622 /* Products */,
			);
			sourceTree = "<group>";
		};
		C67374C12ED3ADCC00233622 /* Products */ = {
			isa = PBXGroup;
			children = (
				C67374C02ED3ADCC00233622 /* Pekis.app */,
				C67374CD2ED3ADCD00233622 /* PekisTests.xctest */,
				C67374D72ED3ADCD00233622 /* PekisUITests.xctest */,
				C6F100000000000000000A02 /* PekisWidget.appex */,
			);
			name = Products;
			sourceTree = "<group>";
		};
		C6F100000000000000000A09 /* PekisWidget */ = {
			isa = PBXGroup;
			children = (
				C6F100000000000000000B01 /* PekisWidgetBundle.swift */,
				C6F100000000000000000B03 /* CountdownWidget.swift */,
				C6F100000000000000000B05 /* CountdownWidgetViews.swift */,
				C6F100000000000000000B07 /* WidgetTheme.swift */,
				C6F100000000000000000B09 /* CountdownConfigIntent.swift */,
				C6F100000000000000000B20 /* PekisSharedData.swift */,
				C6F100000000000000000B11 /* Info.plist */,
				C6F100000000000000000B12 /* PekisWidget.entitlements */,
			);
			path = PekisWidget;
			sourceTree = "<group>";
		};
/* End PBXGroup section */

/* Begin PBXNativeTarget section */
		C67374BF2ED3ADCC00233622 /* Pekis */ = {
			isa = PBXNativeTarget;
			buildConfigurationList = C67374E12ED3ADCD00233622 /* Build configuration list for PBXNativeTarget "Pekis" */;
			buildPhases = (
				C6FC3D992EEF536100636585 /* ShellScript */,
				C67374BC2ED3ADCC00233622 /* Sources */,
				C67374BD2ED3ADCC00233622 /* Frameworks */,
				C67374BE2ED3ADCC00233622 /* Resources */,
				C6F100000000000000000A12 /* Embed Foundation Extensions */,
			);
			buildRules = (
			);
			dependencies = (
				C6F100000000000000000A10 /* PBXTargetDependency */,
			);
			fileSystemSynchronizedGroups = (
				C67374C22ED3ADCC00233622 /* Pekis */,
			);
			name = Pekis;
			packageProductDependencies = (
			);
			productName = Pekis;
			productReference = C67374C02ED3ADCC00233622 /* Pekis.app */;
			productType = "com.apple.product-type.application";
		};
		C67374CC2ED3ADCD00233622 /* PekisTests */ = {
			isa = PBXNativeTarget;
			buildConfigurationList = C67374E42ED3ADCD00233622 /* Build configuration list for PBXNativeTarget "PekisTests" */;
			buildPhases = (
				C67374C92ED3ADCD00233622 /* Sources */,
				C67374CA2ED3ADCD00233622 /* Frameworks */,
				C67374CB2ED3ADCD00233622 /* Resources */,
			);
			buildRules = (
			);
			dependencies = (
				C67374CF2ED3ADCD00233622 /* PBXTargetDependency */,
			);
			fileSystemSynchronizedGroups = (
				C67374D02ED3ADCD00233622 /* PekisTests */,
			);
			name = PekisTests;
			packageProductDependencies = (
			);
			productName = PekisTests;
			productReference = C67374CD2ED3ADCD00233622 /* PekisTests.xctest */;
			productType = "com.apple.product-type.bundle.unit-test";
		};
		C67374D62ED3ADCD00233622 /* PekisUITests */ = {
			isa = PBXNativeTarget;
			buildConfigurationList = C67374E72ED3ADCD00233622 /* Build configuration list for PBXNativeTarget "PekisUITests" */;
			buildPhases = (
				C67374D32ED3ADCD00233622 /* Sources */,
				C67374D42ED3ADCD00233622 /* Frameworks */,
				C67374D52ED3ADCD00233622 /* Resources */,
			);
			buildRules = (
			);
			dependencies = (
				C67374D92ED3ADCD00233622 /* PBXTargetDependency */,
			);
			fileSystemSynchronizedGroups = (
				C67374DA2ED3ADCD00233622 /* PekisUITests */,
			);
			name = PekisUITests;
			packageProductDependencies = (
			);
			productName = PekisUITests;
			productReference = C67374D72ED3ADCD00233622 /* PekisUITests.xctest */;
			productType = "com.apple.product-type.bundle.ui-testing";
		};
		C6F100000000000000000A01 /* PekisWidget */ = {
			isa = PBXNativeTarget;
			buildConfigurationList = C6F100000000000000000A06 /* Build configuration list for PBXNativeTarget "PekisWidget" */;
			buildPhases = (
				C6F100000000000000000A03 /* Sources */,
				C6F100000000000000000A04 /* Frameworks */,
				C6F100000000000000000A05 /* Resources */,
			);
			buildRules = (
			);
			dependencies = (
			);
			name = PekisWidget;
			packageProductDependencies = (
			);
			productName = PekisWidget;
			productReference = C6F100000000000000000A02 /* PekisWidget.appex */;
			productType = "com.apple.product-type.app-extension";
		};
/* End PBXNativeTarget section */

/* Begin PBXProject section */
		C67374B82ED3ADCC00233622 /* Project object */ = {
			isa = PBXProject;
			attributes = {
				BuildIndependentTargetsInParallel = 1;
				LastSwiftUpdateCheck = 2600;
				LastUpgradeCheck = 2600;
				TargetAttributes = {
					C67374BF2ED3ADCC00233622 = {
						CreatedOnToolsVersion = 26.0.1;
					};
					C67374CC2ED3ADCD00233622 = {
						CreatedOnToolsVersion = 26.0.1;
						TestTargetID = C67374BF2ED3ADCC00233622;
					};
					C67374D62ED3ADCD00233622 = {
						CreatedOnToolsVersion = 26.0.1;
						TestTargetID = C67374BF2ED3ADCC00233622;
					};
					C6F100000000000000000A01 = {
						CreatedOnToolsVersion = 26.0.1;
					};
				};
			};
			buildConfigurationList = C67374BB2ED3ADCC00233622 /* Build configuration list for PBXProject "Pekis" */;
			developmentRegion = en;
			hasScannedForEncodings = 0;
			knownRegions = (
				en,
				Base,
			);
			mainGroup = C67374B72ED3ADCC00233622;
			minimizedProjectReferenceProxies = 1;
			preferredProjectObjectVersion = 77;
			productRefGroup = C67374C12ED3ADCC00233622 /* Products */;
			projectDirPath = "";
			projectRoot = "";
			targets = (
				C67374BF2ED3ADCC00233622 /* Pekis */,
				C6F100000000000000000A01 /* PekisWidget */,
				C67374CC2ED3ADCD00233622 /* PekisTests */,
				C67374D62ED3ADCD00233622 /* PekisUITests */,
			);
		};
/* End PBXProject section */

/* Begin PBXResourcesBuildPhase section */
		C67374BE2ED3ADCC00233622 /* Resources */ = {
			isa = PBXResourcesBuildPhase;
			buildActionMask = 2147483647;
			files = (
			);
			runOnlyForDeploymentPostprocessing = 0;
		};
		C67374CB2ED3ADCD00233622 /* Resources */ = {
			isa = PBXResourcesBuildPhase;
			buildActionMask = 2147483647;
			files = (
			);
			runOnlyForDeploymentPostprocessing = 0;
		};
		C67374D52ED3ADCD00233622 /* Resources */ = {
			isa = PBXResourcesBuildPhase;
			buildActionMask = 2147483647;
			files = (
			);
			runOnlyForDeploymentPostprocessing = 0;
		};
		C6F100000000000000000A05 /* Resources */ = {
			isa = PBXResourcesBuildPhase;
			buildActionMask = 2147483647;
			files = (
			);
			runOnlyForDeploymentPostprocessing = 0;
		};
/* End PBXResourcesBuildPhase section */

/* Begin PBXShellScriptBuildPhase section */
		C6FC3D992EEF536100636585 /* ShellScript */ = {
			isa = PBXShellScriptBuildPhase;
			alwaysOutOfDate = 1;
			buildActionMask = 2147483647;
			files = (
			);
			inputFileListPaths = (
			);
			inputPaths = (
			);
			outputFileListPaths = (
			);
			outputPaths = (
			);
			runOnlyForDeploymentPostprocessing = 0;
			shellPath = /bin/sh;
			shellScript = "# Type a script or drag a script file from your workspace to insert its path.\nif [ -f \"${SRCROOT}/scripts/run_swiftlint.sh\" ]; then\n    \"${SRCROOT}/scripts/run_swiftlint.sh\"\nelse\n    echo \"warning: SwiftLint script not found\"\nfi\n";
		};
/* End PBXShellScriptBuildPhase section */

/* Begin PBXSourcesBuildPhase section */
		C67374BC2ED3ADCC00233622 /* Sources */ = {
			isa = PBXSourcesBuildPhase;
			buildActionMask = 2147483647;
			files = (
			);
			runOnlyForDeploymentPostprocessing = 0;
		};
		C67374C92ED3ADCD00233622 /* Sources */ = {
			isa = PBXSourcesBuildPhase;
			buildActionMask = 2147483647;
			files = (
			);
			runOnlyForDeploymentPostprocessing = 0;
		};
		C67374D32ED3ADCD00233622 /* Sources */ = {
			isa = PBXSourcesBuildPhase;
			buildActionMask = 2147483647;
			files = (
			);
			runOnlyForDeploymentPostprocessing = 0;
		};
		C6F100000000000000000A03 /* Sources */ = {
			isa = PBXSourcesBuildPhase;
			buildActionMask = 2147483647;
			files = (
				C6F100000000000000000B02 /* PekisWidgetBundle.swift in Sources */,
				C6F100000000000000000B04 /* CountdownWidget.swift in Sources */,
				C6F100000000000000000B06 /* CountdownWidgetViews.swift in Sources */,
				C6F100000000000000000B08 /* WidgetTheme.swift in Sources */,
				C6F100000000000000000B10 /* CountdownConfigIntent.swift in Sources */,
				C6F100000000000000000B21 /* PekisSharedData.swift in Sources */,
			);
			runOnlyForDeploymentPostprocessing = 0;
		};
/* End PBXSourcesBuildPhase section */

/* Begin PBXTargetDependency section */
		C67374CF2ED3ADCD00233622 /* PBXTargetDependency */ = {
			isa = PBXTargetDependency;
			target = C67374BF2ED3ADCC00233622 /* Pekis */;
			targetProxy = C67374CE2ED3ADCD00233622 /* PBXContainerItemProxy */;
		};
		C67374D92ED3ADCD00233622 /* PBXTargetDependency */ = {
			isa = PBXTargetDependency;
			target = C67374BF2ED3ADCC00233622 /* Pekis */;
			targetProxy = C67374D82ED3ADCD00233622 /* PBXContainerItemProxy */;
		};
		C6F100000000000000000A10 /* PBXTargetDependency */ = {
			isa = PBXTargetDependency;
			target = C6F100000000000000000A01 /* PekisWidget */;
			targetProxy = C6F100000000000000000A11 /* PBXContainerItemProxy */;
		};
/* End PBXTargetDependency section */

/* Begin XCBuildConfiguration section */
		C67374DF2ED3ADCD00233622 /* Debug */ = {
			isa = XCBuildConfiguration;
			baseConfigurationReference = C6E0F0012F0D100100000001 /* Pekis/Config/Environment.xcconfig */;
			buildSettings = {
				ALWAYS_SEARCH_USER_PATHS = NO;
				ASSETCATALOG_COMPILER_GENERATE_SWIFT_ASSET_SYMBOL_EXTENSIONS = YES;
				CLANG_ANALYZER_NONNULL = YES;
				CLANG_ANALYZER_NUMBER_OBJECT_CONVERSION = YES_AGGRESSIVE;
				CLANG_CXX_LANGUAGE_STANDARD = "gnu++20";
				CLANG_ENABLE_MODULES = YES;
				CLANG_ENABLE_OBJC_ARC = YES;
				CLANG_ENABLE_OBJC_WEAK = YES;
				CLANG_WARN_BLOCK_CAPTURE_AUTORELEASING = YES;
				CLANG_WARN_BOOL_CONVERSION = YES;
				CLANG_WARN_COMMA = YES;
				CLANG_WARN_CONSTANT_CONVERSION = YES;
				CLANG_WARN_DEPRECATED_OBJC_IMPLEMENTATIONS = YES;
				CLANG_WARN_DIRECT_OBJC_ISA_USAGE = YES_ERROR;
				CLANG_WARN_DOCUMENTATION_COMMENTS = YES;
				CLANG_WARN_EMPTY_BODY = YES;
				CLANG_WARN_ENUM_CONVERSION = YES;
				CLANG_WARN_INFINITE_RECURSION = YES;
				CLANG_WARN_INT_CONVERSION = YES;
				CLANG_WARN_NON_LITERAL_NULL_CONVERSION = YES;
				CLANG_WARN_OBJC_IMPLICIT_RETAIN_SELF = YES;
				CLANG_WARN_OBJC_LITERAL_CONVERSION = YES;
				CLANG_WARN_OBJC_ROOT_CLASS = YES_ERROR;
				CLANG_WARN_QUOTED_INCLUDE_IN_FRAMEWORK_HEADER = YES;
				CLANG_WARN_RANGE_LOOP_ANALYSIS = YES;
				CLANG_WARN_STRICT_PROTOTYPES = YES;
				CLANG_WARN_SUSPICIOUS_MOVE = YES;
				CLANG_WARN_UNGUARDED_AVAILABILITY = YES_AGGRESSIVE;
				CLANG_WARN_UNREACHABLE_CODE = YES;
				CLANG_WARN__DUPLICATE_METHOD_MATCH = YES;
				COPY_PHASE_STRIP = NO;
				DEBUG_INFORMATION_FORMAT = dwarf;
				DEVELOPMENT_TEAM = "$(PEKIS_DEVELOPMENT_TEAM)";
				ENABLE_STRICT_OBJC_MSGSEND = YES;
				ENABLE_TESTABILITY = YES;
				ENABLE_USER_SCRIPT_SANDBOXING = YES;
				GCC_C_LANGUAGE_STANDARD = gnu17;
				GCC_DYNAMIC_NO_PIC = NO;
				GCC_NO_COMMON_BLOCKS = YES;
				GCC_OPTIMIZATION_LEVEL = 0;
				GCC_PREPROCESSOR_DEFINITIONS = (
					"DEBUG=1",
					"$(inherited)",
				);
				GCC_WARN_64_TO_32_BIT_CONVERSION = YES;
				GCC_WARN_ABOUT_RETURN_TYPE = YES_ERROR;
				GCC_WARN_UNDECLARED_SELECTOR = YES;
				GCC_WARN_UNINITIALIZED_AUTOS = YES_AGGRESSIVE;
				GCC_WARN_UNUSED_FUNCTION = YES;
				GCC_WARN_UNUSED_VARIABLE = YES;
				IPHONEOS_DEPLOYMENT_TARGET = 17.0;
				LOCALIZATION_PREFERS_STRING_CATALOGS = YES;
				MTL_ENABLE_DEBUG_INFO = INCLUDE_SOURCE;
				MTL_FAST_MATH = YES;
				ONLY_ACTIVE_ARCH = YES;
				SDKROOT = iphoneos;
				SWIFT_ACTIVE_COMPILATION_CONDITIONS = "DEBUG $(inherited)";
				SWIFT_OPTIMIZATION_LEVEL = "-Onone";
			};
			name = Debug;
		};
		C67374E02ED3ADCD00233622 /* Release */ = {
			isa = XCBuildConfiguration;
			baseConfigurationReference = C6E0F0012F0D100100000001 /* Pekis/Config/Environment.xcconfig */;
			buildSettings = {
				ALWAYS_SEARCH_USER_PATHS = NO;
				ASSETCATALOG_COMPILER_GENERATE_SWIFT_ASSET_SYMBOL_EXTENSIONS = YES;
				CLANG_ANALYZER_NONNULL = YES;
				CLANG_ANALYZER_NUMBER_OBJECT_CONVERSION = YES_AGGRESSIVE;
				CLANG_CXX_LANGUAGE_STANDARD = "gnu++20";
				CLANG_ENABLE_MODULES = YES;
				CLANG_ENABLE_OBJC_ARC = YES;
				CLANG_ENABLE_OBJC_WEAK = YES;
				CLANG_WARN_BLOCK_CAPTURE_AUTORELEASING = YES;
				CLANG_WARN_BOOL_CONVERSION = YES;
				CLANG_WARN_COMMA = YES;
				CLANG_WARN_CONSTANT_CONVERSION = YES;
				CLANG_WARN_DEPRECATED_OBJC_IMPLEMENTATIONS = YES;
				CLANG_WARN_DIRECT_OBJC_ISA_USAGE = YES_ERROR;
				CLANG_WARN_DOCUMENTATION_COMMENTS = YES;
				CLANG_WARN_EMPTY_BODY = YES;
				CLANG_WARN_ENUM_CONVERSION = YES;
				CLANG_WARN_INFINITE_RECURSION = YES;
				CLANG_WARN_INT_CONVERSION = YES;
				CLANG_WARN_NON_LITERAL_NULL_CONVERSION = YES;
				CLANG_WARN_OBJC_IMPLICIT_RETAIN_SELF = YES;
				CLANG_WARN_OBJC_LITERAL_CONVERSION = YES;
				CLANG_WARN_OBJC_ROOT_CLASS = YES_ERROR;
				CLANG_WARN_QUOTED_INCLUDE_IN_FRAMEWORK_HEADER = YES;
				CLANG_WARN_RANGE_LOOP_ANALYSIS = YES;
				CLANG_WARN_STRICT_PROTOTYPES = YES;
				CLANG_WARN_SUSPICIOUS_MOVE = YES;
				CLANG_WARN_UNGUARDED_AVAILABILITY = YES_AGGRESSIVE;
				CLANG_WARN_UNREACHABLE_CODE = YES;
				CLANG_WARN__DUPLICATE_METHOD_MATCH = YES;
				COPY_PHASE_STRIP = NO;
				DEBUG_INFORMATION_FORMAT = "dwarf-with-dsym";
				DEVELOPMENT_TEAM = "$(PEKIS_DEVELOPMENT_TEAM)";
				ENABLE_NS_ASSERTIONS = NO;
				ENABLE_STRICT_OBJC_MSGSEND = YES;
				ENABLE_USER_SCRIPT_SANDBOXING = YES;
				GCC_C_LANGUAGE_STANDARD = gnu17;
				GCC_NO_COMMON_BLOCKS = YES;
				GCC_WARN_64_TO_32_BIT_CONVERSION = YES;
				GCC_WARN_ABOUT_RETURN_TYPE = YES_ERROR;
				GCC_WARN_UNDECLARED_SELECTOR = YES;
				GCC_WARN_UNINITIALIZED_AUTOS = YES_AGGRESSIVE;
				GCC_WARN_UNUSED_FUNCTION = YES;
				GCC_WARN_UNUSED_VARIABLE = YES;
				IPHONEOS_DEPLOYMENT_TARGET = 17.0;
				LOCALIZATION_PREFERS_STRING_CATALOGS = YES;
				MTL_ENABLE_DEBUG_INFO = NO;
				MTL_FAST_MATH = YES;
				SDKROOT = iphoneos;
				SWIFT_COMPILATION_MODE = wholemodule;
				VALIDATE_PRODUCT = YES;
			};
			name = Release;
		};
		C67374E22ED3ADCD00233622 /* Debug */ = {
			isa = XCBuildConfiguration;
			baseConfigurationReference = C6E0F0012F0D100100000001 /* Pekis/Config/Environment.xcconfig */;
			buildSettings = {
				ASSETCATALOG_COMPILER_APPICON_NAME = AppIcon;
				ASSETCATALOG_COMPILER_GLOBAL_ACCENT_COLOR_NAME = AccentColor;
				CODE_SIGN_ENTITLEMENTS = Pekis/Pekis.entitlements;
				CODE_SIGN_IDENTITY = "Apple Development";
				CODE_SIGN_STYLE = Automatic;
				CURRENT_PROJECT_VERSION = 3;
				DEVELOPMENT_TEAM = "$(PEKIS_DEVELOPMENT_TEAM)";
				ENABLE_PREVIEWS = YES;
				ENABLE_USER_SCRIPT_SANDBOXING = NO;
				GENERATE_INFOPLIST_FILE = YES;
				INFOPLIST_FILE = Pekis/Info.plist;
				INFOPLIST_KEY_LSApplicationCategoryType = "public.app-category.lifestyle";
				INFOPLIST_KEY_NSPhotoLibraryAddUsageDescription = "Pekis saves shared photo moments to your iCloud-backed couple space.";
				INFOPLIST_KEY_NSPhotoLibraryUsageDescription = "Pekis accesses your photo library so you can share moments with your partner.";
				INFOPLIST_KEY_PEKIS_APP_GROUP_ID = "group.$(PEKIS_BUNDLE_IDENTIFIER)";
				INFOPLIST_KEY_PEKIS_CLOUDKIT_CONTAINER_ID = "$(PEKIS_CLOUDKIT_CONTAINER_ID)";
				INFOPLIST_KEY_UIApplicationSceneManifest_Generation = YES;
				INFOPLIST_KEY_UIApplicationSupportsIndirectInputEvents = YES;
				INFOPLIST_KEY_UILaunchScreen_Generation = YES;
				INFOPLIST_KEY_UIRequiresFullScreen = YES;
				INFOPLIST_KEY_UIStatusBarHidden = YES;
				INFOPLIST_KEY_UISupportedInterfaceOrientations = UIInterfaceOrientationPortrait;
				IPHONEOS_DEPLOYMENT_TARGET = 17.0;
				LD_RUNPATH_SEARCH_PATHS = (
					"$(inherited)",
					"@executable_path/Frameworks",
				);
				MARKETING_VERSION = 1.1;
				PRODUCT_BUNDLE_IDENTIFIER = "$(PEKIS_BUNDLE_IDENTIFIER)";
				PRODUCT_NAME = "$(TARGET_NAME)";
				PROVISIONING_PROFILE_SPECIFIER = "";
				STRING_CATALOG_GENERATE_SYMBOLS = YES;
				SWIFT_APPROACHABLE_CONCURRENCY = YES;
				SWIFT_DEFAULT_ACTOR_ISOLATION = MainActor;
				SWIFT_EMIT_LOC_STRINGS = YES;
				SWIFT_UPCOMING_FEATURE_MEMBER_IMPORT_VISIBILITY = YES;
				SWIFT_VERSION = 5.9;
				TARGETED_DEVICE_FAMILY = "1,2";
			};
			name = Debug;
		};
		C67374E32ED3ADCD00233622 /* Release */ = {
			isa = XCBuildConfiguration;
			baseConfigurationReference = C6E0F0012F0D100100000001 /* Pekis/Config/Environment.xcconfig */;
			buildSettings = {
				ASSETCATALOG_COMPILER_APPICON_NAME = AppIcon;
				ASSETCATALOG_COMPILER_GLOBAL_ACCENT_COLOR_NAME = AccentColor;
				CODE_SIGN_ENTITLEMENTS = Pekis/PekisRelease.entitlements;
				CODE_SIGN_IDENTITY = "Apple Development";
				CODE_SIGN_STYLE = Automatic;
				CURRENT_PROJECT_VERSION = 3;
				DEVELOPMENT_TEAM = "$(PEKIS_DEVELOPMENT_TEAM)";
				ENABLE_PREVIEWS = YES;
				ENABLE_USER_SCRIPT_SANDBOXING = NO;
				GENERATE_INFOPLIST_FILE = YES;
				INFOPLIST_FILE = Pekis/Info.plist;
				INFOPLIST_KEY_LSApplicationCategoryType = "public.app-category.lifestyle";
				INFOPLIST_KEY_NSPhotoLibraryAddUsageDescription = "Pekis saves shared photo moments to your iCloud-backed couple space.";
				INFOPLIST_KEY_NSPhotoLibraryUsageDescription = "Pekis accesses your photo library so you can share moments with your partner.";
				INFOPLIST_KEY_PEKIS_APP_GROUP_ID = "group.$(PEKIS_BUNDLE_IDENTIFIER)";
				INFOPLIST_KEY_PEKIS_CLOUDKIT_CONTAINER_ID = "$(PEKIS_CLOUDKIT_CONTAINER_ID)";
				INFOPLIST_KEY_UIApplicationSceneManifest_Generation = YES;
				INFOPLIST_KEY_UIApplicationSupportsIndirectInputEvents = YES;
				INFOPLIST_KEY_UILaunchScreen_Generation = YES;
				INFOPLIST_KEY_UIRequiresFullScreen = YES;
				INFOPLIST_KEY_UIStatusBarHidden = YES;
				INFOPLIST_KEY_UISupportedInterfaceOrientations = UIInterfaceOrientationPortrait;
				IPHONEOS_DEPLOYMENT_TARGET = 17.0;
				LD_RUNPATH_SEARCH_PATHS = (
					"$(inherited)",
					"@executable_path/Frameworks",
				);
				MARKETING_VERSION = 1.1;
				PRODUCT_BUNDLE_IDENTIFIER = "$(PEKIS_BUNDLE_IDENTIFIER)";
				PRODUCT_NAME = "$(TARGET_NAME)";
				PROVISIONING_PROFILE_SPECIFIER = "";
				STRING_CATALOG_GENERATE_SYMBOLS = YES;
				SWIFT_APPROACHABLE_CONCURRENCY = YES;
				SWIFT_DEFAULT_ACTOR_ISOLATION = MainActor;
				SWIFT_EMIT_LOC_STRINGS = YES;
				SWIFT_UPCOMING_FEATURE_MEMBER_IMPORT_VISIBILITY = YES;
				SWIFT_VERSION = 5.9;
				TARGETED_DEVICE_FAMILY = "1,2";
			};
			name = Release;
		};
		C67374E52ED3ADCD00233622 /* Debug */ = {
			isa = XCBuildConfiguration;
			baseConfigurationReference = C6E0F0012F0D100100000001 /* Pekis/Config/Environment.xcconfig */;
			buildSettings = {
				BUNDLE_LOADER = "$(TEST_HOST)";
				CODE_SIGN_STYLE = Automatic;
				CURRENT_PROJECT_VERSION = 1;
				DEVELOPMENT_TEAM = "$(PEKIS_DEVELOPMENT_TEAM)";
				GENERATE_INFOPLIST_FILE = YES;
				IPHONEOS_DEPLOYMENT_TARGET = 17.0;
				MARKETING_VERSION = 1.0;
				PRODUCT_BUNDLE_IDENTIFIER = "$(PEKIS_TESTS_BUNDLE_IDENTIFIER)";
				PRODUCT_NAME = "$(TARGET_NAME)";
				STRING_CATALOG_GENERATE_SYMBOLS = NO;
				SWIFT_APPROACHABLE_CONCURRENCY = YES;
				SWIFT_EMIT_LOC_STRINGS = NO;
				SWIFT_UPCOMING_FEATURE_MEMBER_IMPORT_VISIBILITY = YES;
				SWIFT_VERSION = 5.9;
				TARGETED_DEVICE_FAMILY = "1,2";
				TEST_HOST = "$(BUILT_PRODUCTS_DIR)/Pekis.app/$(BUNDLE_EXECUTABLE_FOLDER_PATH)/Pekis";
			};
			name = Debug;
		};
		C67374E62ED3ADCD00233622 /* Release */ = {
			isa = XCBuildConfiguration;
			baseConfigurationReference = C6E0F0012F0D100100000001 /* Pekis/Config/Environment.xcconfig */;
			buildSettings = {
				BUNDLE_LOADER = "$(TEST_HOST)";
				CODE_SIGN_STYLE = Automatic;
				CURRENT_PROJECT_VERSION = 1;
				DEVELOPMENT_TEAM = "$(PEKIS_DEVELOPMENT_TEAM)";
				GENERATE_INFOPLIST_FILE = YES;
				IPHONEOS_DEPLOYMENT_TARGET = 17.0;
				MARKETING_VERSION = 1.0;
				PRODUCT_BUNDLE_IDENTIFIER = "$(PEKIS_TESTS_BUNDLE_IDENTIFIER)";
				PRODUCT_NAME = "$(TARGET_NAME)";
				STRING_CATALOG_GENERATE_SYMBOLS = NO;
				SWIFT_APPROACHABLE_CONCURRENCY = YES;
				SWIFT_EMIT_LOC_STRINGS = NO;
				SWIFT_UPCOMING_FEATURE_MEMBER_IMPORT_VISIBILITY = YES;
				SWIFT_VERSION = 5.9;
				TARGETED_DEVICE_FAMILY = "1,2";
				TEST_HOST = "$(BUILT_PRODUCTS_DIR)/Pekis.app/$(BUNDLE_EXECUTABLE_FOLDER_PATH)/Pekis";
			};
			name = Release;
		};
		C67374E82ED3ADCD00233622 /* Debug */ = {
			isa = XCBuildConfiguration;
			baseConfigurationReference = C6E0F0012F0D100100000001 /* Pekis/Config/Environment.xcconfig */;
			buildSettings = {
				CODE_SIGN_STYLE = Automatic;
				CURRENT_PROJECT_VERSION = 1;
				DEVELOPMENT_TEAM = "$(PEKIS_DEVELOPMENT_TEAM)";
				GENERATE_INFOPLIST_FILE = YES;
				MARKETING_VERSION = 1.0;
				PRODUCT_BUNDLE_IDENTIFIER = "$(PEKIS_UI_TESTS_BUNDLE_IDENTIFIER)";
				PRODUCT_NAME = "$(TARGET_NAME)";
				STRING_CATALOG_GENERATE_SYMBOLS = NO;
				SWIFT_APPROACHABLE_CONCURRENCY = YES;
				SWIFT_EMIT_LOC_STRINGS = NO;
				SWIFT_UPCOMING_FEATURE_MEMBER_IMPORT_VISIBILITY = YES;
				SWIFT_VERSION = 5.9;
				TARGETED_DEVICE_FAMILY = "1,2";
				TEST_TARGET_NAME = Pekis;
			};
			name = Debug;
		};
		C67374E92ED3ADCD00233622 /* Release */ = {
			isa = XCBuildConfiguration;
			baseConfigurationReference = C6E0F0012F0D100100000001 /* Pekis/Config/Environment.xcconfig */;
			buildSettings = {
				CODE_SIGN_STYLE = Automatic;
				CURRENT_PROJECT_VERSION = 1;
				DEVELOPMENT_TEAM = "$(PEKIS_DEVELOPMENT_TEAM)";
				GENERATE_INFOPLIST_FILE = YES;
				MARKETING_VERSION = 1.0;
				PRODUCT_BUNDLE_IDENTIFIER = "$(PEKIS_UI_TESTS_BUNDLE_IDENTIFIER)";
				PRODUCT_NAME = "$(TARGET_NAME)";
				STRING_CATALOG_GENERATE_SYMBOLS = NO;
				SWIFT_APPROACHABLE_CONCURRENCY = YES;
				SWIFT_EMIT_LOC_STRINGS = NO;
				SWIFT_UPCOMING_FEATURE_MEMBER_IMPORT_VISIBILITY = YES;
				SWIFT_VERSION = 5.9;
				TARGETED_DEVICE_FAMILY = "1,2";
				TEST_TARGET_NAME = Pekis;
			};
			name = Release;
		};
		C6F100000000000000000A07 /* Debug */ = {
			isa = XCBuildConfiguration;
			baseConfigurationReference = C6E0F0012F0D100100000001 /* Pekis/Config/Environment.xcconfig */;
			buildSettings = {
				CODE_SIGN_ENTITLEMENTS = PekisWidget/PekisWidget.entitlements;
				CODE_SIGN_STYLE = Automatic;
				CURRENT_PROJECT_VERSION = 3;
				DEVELOPMENT_TEAM = "$(PEKIS_DEVELOPMENT_TEAM)";
				ENABLE_PREVIEWS = YES;
				GENERATE_INFOPLIST_FILE = YES;
				INFOPLIST_FILE = PekisWidget/Info.plist;
				INFOPLIST_KEY_CFBundleDisplayName = "Pekis Countdown";
				INFOPLIST_KEY_NSHumanReadableCopyright = "";
				INFOPLIST_KEY_PEKIS_APP_GROUP_ID = "group.$(PEKIS_BUNDLE_IDENTIFIER)";
				IPHONEOS_DEPLOYMENT_TARGET = 17.0;
				LD_RUNPATH_SEARCH_PATHS = (
					"$(inherited)",
					"@executable_path/Frameworks",
					"@executable_path/../../Frameworks",
				);
				MARKETING_VERSION = 1.1;
				PRODUCT_BUNDLE_IDENTIFIER = "$(PEKIS_BUNDLE_IDENTIFIER).PekisWidget";
				PRODUCT_NAME = "$(TARGET_NAME)";
				SKIP_INSTALL = YES;
				SWIFT_EMIT_LOC_STRINGS = YES;
				SWIFT_VERSION = 5.9;
				TARGETED_DEVICE_FAMILY = "1,2";
			};
			name = Debug;
		};
		C6F100000000000000000A08 /* Release */ = {
			isa = XCBuildConfiguration;
			baseConfigurationReference = C6E0F0012F0D100100000001 /* Pekis/Config/Environment.xcconfig */;
			buildSettings = {
				CODE_SIGN_ENTITLEMENTS = PekisWidget/PekisWidget.entitlements;
				CODE_SIGN_STYLE = Automatic;
				CURRENT_PROJECT_VERSION = 3;
				DEVELOPMENT_TEAM = "$(PEKIS_DEVELOPMENT_TEAM)";
				ENABLE_PREVIEWS = YES;
				GENERATE_INFOPLIST_FILE = YES;
				INFOPLIST_FILE = PekisWidget/Info.plist;
				INFOPLIST_KEY_CFBundleDisplayName = "Pekis Countdown";
				INFOPLIST_KEY_NSHumanReadableCopyright = "";
				INFOPLIST_KEY_PEKIS_APP_GROUP_ID = "group.$(PEKIS_BUNDLE_IDENTIFIER)";
				IPHONEOS_DEPLOYMENT_TARGET = 17.0;
				LD_RUNPATH_SEARCH_PATHS = (
					"$(inherited)",
					"@executable_path/Frameworks",
					"@executable_path/../../Frameworks",
				);
				MARKETING_VERSION = 1.1;
				PRODUCT_BUNDLE_IDENTIFIER = "$(PEKIS_BUNDLE_IDENTIFIER).PekisWidget";
				PRODUCT_NAME = "$(TARGET_NAME)";
				SKIP_INSTALL = YES;
				SWIFT_COMPILATION_MODE = wholemodule;
				SWIFT_EMIT_LOC_STRINGS = YES;
				SWIFT_VERSION = 5.9;
				TARGETED_DEVICE_FAMILY = "1,2";
			};
			name = Release;
		};
/* End XCBuildConfiguration section */

/* Begin XCConfigurationList section */
		C67374BB2ED3ADCC00233622 /* Build configuration list for PBXProject "Pekis" */ = {
			isa = XCConfigurationList;
			buildConfigurations = (
				C67374DF2ED3ADCD00233622 /* Debug */,
				C67374E02ED3ADCD00233622 /* Release */,
			);
			defaultConfigurationIsVisible = 0;
			defaultConfigurationName = Release;
		};
		C67374E12ED3ADCD00233622 /* Build configuration list for PBXNativeTarget "Pekis" */ = {
			isa = XCConfigurationList;
			buildConfigurations = (
				C67374E22ED3ADCD00233622 /* Debug */,
				C67374E32ED3ADCD00233622 /* Release */,
			);
			defaultConfigurationIsVisible = 0;
			defaultConfigurationName = Release;
		};
		C67374E42ED3ADCD00233622 /* Build configuration list for PBXNativeTarget "PekisTests" */ = {
			isa = XCConfigurationList;
			buildConfigurations = (
				C67374E52ED3ADCD00233622 /* Debug */,
				C67374E62ED3ADCD00233622 /* Release */,
			);
			defaultConfigurationIsVisible = 0;
			defaultConfigurationName = Release;
		};
		C67374E72ED3ADCD00233622 /* Build configuration list for PBXNativeTarget "PekisUITests" */ = {
			isa = XCConfigurationList;
			buildConfigurations = (
				C67374E82ED3ADCD00233622 /* Debug */,
				C67374E92ED3ADCD00233622 /* Release */,
			);
			defaultConfigurationIsVisible = 0;
			defaultConfigurationName = Release;
		};
		C6F100000000000000000A06 /* Build configuration list for PBXNativeTarget "PekisWidget" */ = {
			isa = XCConfigurationList;
			buildConfigurations = (
				C6F100000000000000000A07 /* Debug */,
				C6F100000000000000000A08 /* Release */,
			);
			defaultConfigurationIsVisible = 0;
			defaultConfigurationName = Release;
		};
/* End XCConfigurationList section */
	};
	rootObject = C67374B82ED3ADCC00233622 /* Project object */;
}
